
Microsoft Visual Studio Solution File, Format Version 12.00
# Visual Studio Version 16
VisualStudioVersion = 16.0.32002.261
MinimumVisualStudioVersion = 10.0.40219.1
Project("{8BC9CEB8-8B4A-11D0-8D11-00A0C91BC942}") = "礼物", "礼物\礼物.vcxproj", "{ADAC0D2E-9F1A-410E-B1A6-4E1E94B37428}"
EndProject
Global
	GlobalSection(SolutionConfigurationPlatforms) = preSolution
		Debug|x64 = Debug|x64
		Debug|x86 = Debug|x86
		Release|x64 = Release|x64
		Release|x86 = Release|x86
	EndGlobalSection
	GlobalSection(ProjectConfigurationPlatforms) = postSolution
		{ADAC0D2E-9F1A-410E-B1A6-4E1E94B37428}.Debug|x64.ActiveCfg = Debug|x64
		{ADAC0D2E-9F1A-410E-B1A6-4E1E94B37428}.Debug|x64.Build.0 = Debug|x64
		{ADAC0D2E-9F1A-410E-B1A6-4E1E94B37428}.Debug|x86.ActiveCfg = Debug|Win32
		{ADAC0D2E-9F1A-410E-B1A6-4E1E94B37428}.Debug|x86.Build.0 = Debug|Win32
		{ADAC0D2E-9F1A-410E-B1A6-4E1E94B37428}.Release|x64.ActiveCfg = Release|x64
		{ADAC0D2E-9F1A-410E-B1A6-4E1E94B37428}.Release|x64.Build.0 = Release|x64
		{ADAC0D2E-9F1A-410E-B1A6-4E1E94B37428}.Release|x86.ActiveCfg = Release|Win32
		{ADAC0D2E-9F1A-410E-B1A6-4E1E94B37428}.Release|x86.Build.0 = Release|Win32
	EndGlobalSection
	GlobalSection(SolutionProperties) = preSolution
		HideSolutionNode = FALSE
	EndGlobalSection
	GlobalSection(ExtensibilityGlobals) = postSolution
		SolutionGuid = {559B7E30-5C57-495C-9CB2-AE0286782A05}
	EndGlobalSection
EndGlobal
